{
  "requires": true,
  "lockfileVersion": 1,
  "dependencies": {
    "@ngrx/router-store": {
      "version": "12.3.0",
      "resolved": "https://registry.npmjs.org/@ngrx/router-store/-/router-store-12.3.0.tgz",
      "integrity": "sha512-+VcTjPmSOx1CPczskrFMrjXS51vnVEoajoCJiY9uevCNBNhd0Z4VygHQ7R0sldzeEmWR2gDZG/ekjoytSG/kog==",
      "requires": {
        "tslib": "^2.0.0"
      }
    },
    "@ngrx/store": {
      "version": "12.3.0",
      "resolved": "https://registry.npmjs.org/@ngrx/store/-/store-12.3.0.tgz",
      "integrity": "sha512-iwfARCo2csTvhbY/6ed2gcAsvJcEY+tHoSsrKz6HTvpN81lSIhXMXORvisKsuQe8lDU2aUl/lGDoldZ8DYo4eg==",
      "requires": {
        "tslib": "^2.0.0"
      }
    },
    "@ngrx/store-devtools": {
      "version": "12.3.0",
      "resolved": "https://registry.npmjs.org/@ngrx/store-devtools/-/store-devtools-12.3.0.tgz",
      "integrity": "sha512-G0gBJRBHmDM74+gJ+poowNuZY/ki3J9L0uJqyImYVEV5WImAOEqKqbzgqqSUsPgM7OSdnFJshe6949WM47jYVA==",
      "requires": {
        "tslib": "^2.0.0"
      }
    },
    "tslib": {
      "version": "2.3.0",
      "resolved": "https://registry.npmjs.org/tslib/-/tslib-2.3.0.tgz",
      "integrity": "sha512-N82ooyxVNm6h1riLCoyS9e3fuJ3AMG2zIZs2Gd1ATcSFjSA23Q0fzjjZeh0jbJvWVDZ0cJT8yaNNaaXHzueNjg=="
    }
  }
}
